
Microsoft Visual Studio Solution File, Format Version 12.00
# Visual Studio 15
VisualStudioVersion = 15.0.27428.2043
MinimumVisualStudioVersion = 10.0.40219.1
Project("{FAE04EC0-301F-11D3-BF4B-00C04F79EFBC}") = "01.Count Chars in String", "01.Count Chars in String\01.Count Chars in String.csproj", "{4B6F2CBE-578A-49C2-BDF0-FAAAED3562E6}"
EndProject
Project("{FAE04EC0-301F-11D3-BF4B-00C04F79EFBC}") = "02. A Miner Task", "02. A Miner Task\02. A Miner Task.csproj", "{5E7E6301-C94F-48DA-B712-56671989DCAA}"
EndProject
Project("{FAE04EC0-301F-11D3-BF4B-00C04F79EFBC}") = "03. Legendary Farming", "03. Legendary Farming\03. Legendary Farming.csproj", "{E4C254DC-6FB9-4E34-A37B-3F95B3FF6C26}"
EndProject
Project("{FAE04EC0-301F-11D3-BF4B-00C04F79EFBC}") = "04. Orders", "04. Orders\04. Orders.csproj", "{D237DC99-D81F-41B6-8374-A75D80F6692C}"
EndProject
Project("{FAE04EC0-301F-11D3-BF4B-00C04F79EFBC}") = "05. Soft Uni Parking", "05. Soft Uni Parking\05. Soft Uni Parking.csproj", "{3B94BA61-DA7C-479A-B77B-B6DE220B508B}"
EndProject
Global
	GlobalSection(SolutionConfigurationPlatforms) = preSolution
		Debug|Any CPU = Debug|Any CPU
		Release|Any CPU = Release|Any CPU
	EndGlobalSection
	GlobalSection(ProjectConfigurationPlatforms) = postSolution
		{4B6F2CBE-578A-49C2-BDF0-FAAAED3562E6}.Debug|Any CPU.ActiveCfg = Debug|Any CPU
		{4B6F2CBE-578A-49C2-BDF0-FAAAED3562E6}.Debug|Any CPU.Build.0 = Debug|Any CPU
		{4B6F2CBE-578A-49C2-BDF0-FAAAED3562E6}.Release|Any CPU.ActiveCfg = Release|Any CPU
		{4B6F2CBE-578A-49C2-BDF0-FAAAED3562E6}.Release|Any CPU.Build.0 = Release|Any CPU
		{5E7E6301-C94F-48DA-B712-56671989DCAA}.Debug|Any CPU.ActiveCfg = Debug|Any CPU
		{5E7E6301-C94F-48DA-B712-56671989DCAA}.Debug|Any CPU.Build.0 = Debug|Any CPU
		{5E7E6301-C94F-48DA-B712-56671989DCAA}.Release|Any CPU.ActiveCfg = Release|Any CPU
		{5E7E6301-C94F-48DA-B712-56671989DCAA}.Release|Any CPU.Build.0 = Release|Any CPU
		{E4C254DC-6FB9-4E34-A37B-3F95B3FF6C26}.Debug|Any CPU.ActiveCfg = Debug|Any CPU
		{E4C254DC-6FB9-4E34-A37B-3F95B3FF6C26}.Debug|Any CPU.Build.0 = Debug|Any CPU
		{E4C254DC-6FB9-4E34-A37B-3F95B3FF6C26}.Release|Any CPU.ActiveCfg = Release|Any CPU
		{E4C254DC-6FB9-4E34-A37B-3F95B3FF6C26}.Release|Any CPU.Build.0 = Release|Any CPU
		{D237DC99-D81F-41B6-8374-A75D80F6692C}.Debug|Any CPU.ActiveCfg = Debug|Any CPU
		{D237DC99-D81F-41B6-8374-A75D80F6692C}.Debug|Any CPU.Build.0 = Debug|Any CPU
		{D237DC99-D81F-41B6-8374-A75D80F6692C}.Release|Any CPU.ActiveCfg = Release|Any CPU
		{D237DC99-D81F-41B6-8374-A75D80F6692C}.Release|Any CPU.Build.0 = Release|Any CPU
		{3B94BA61-DA7C-479A-B77B-B6DE220B508B}.Debug|Any CPU.ActiveCfg = Debug|Any CPU
		{3B94BA61-DA7C-479A-B77B-B6DE220B508B}.Debug|Any CPU.Build.0 = Debug|Any CPU
		{3B94BA61-DA7C-479A-B77B-B6DE220B508B}.Release|Any CPU.ActiveCfg = Release|Any CPU
		{3B94BA61-DA7C-479A-B77B-B6DE220B508B}.Release|Any CPU.Build.0 = Release|Any CPU
	EndGlobalSection
	GlobalSection(SolutionProperties) = preSolution
		HideSolutionNode = FALSE
	EndGlobalSection
	GlobalSection(ExtensibilityGlobals) = postSolution
		SolutionGuid = {A4562AC6-F9D2-4CB2-92E9-AAEB8DC38F65}
	EndGlobalSection
EndGlobal
